
Microsoft Visual Studio Solution File, Format Version 12.00
# Visual Studio Version 17
VisualStudioVersion = 17.10.35122.118
MinimumVisualStudioVersion = 10.0.40219.1
Project("{2150E333-8FDC-42A3-9474-1A3956D46DE8}") = "Itens de Solução", "Itens de Solução", "{6C97C5A8-4149-4D05-8209-FC48F850F9BB}"
	ProjectSection(SolutionItems) = preProject
		ContainRs API.postman_collection.json = ContainRs API.postman_collection.json
		Glossario.md = Glossario.md
		README.md = README.md
	EndProjectSection
EndProject
Project("{2150E333-8FDC-42A3-9474-1A3956D46DE8}") = "src", "src", "{BB5080F2-2FC9-4936-ADFC-85CBC6E32928}"
EndProject
Project("{2150E333-8FDC-42A3-9474-1A3956D46DE8}") = "tests", "tests", "{5B449042-12EB-4D6B-A551-9089BE224E06}"
EndProject
Project("{FAE04EC0-301F-11D3-BF4B-00C04F79EFBC}") = "ContainRs.Testes", "tests\ContainRs.Testes\ContainRs.Testes.csproj", "{E52DC0D6-2088-47E7-888D-F6189F6FE2D2}"
EndProject
Project("{2150E333-8FDC-42A3-9474-1A3956D46DE8}") = "Apps", "Apps", "{02EA681E-C7D8-13C7-8484-4AC65E1B71E8}"
EndProject
Project("{2150E333-8FDC-42A3-9474-1A3956D46DE8}") = "Contextos", "Contextos", "{4A7C4EE9-FAED-49A0-A32E-3B5E28CA116D}"
	ProjectSection(SolutionItems) = preProject
		Directory.Build.props = Directory.Build.props
	EndProjectSection
EndProject
Project("{FAE04EC0-301F-11D3-BF4B-00C04F79EFBC}") = "ContainRs.Api", "src\Apps\ContainRs.Api\ContainRs.Api.csproj", "{864A55A9-3E6D-8504-4595-903C968E45C0}"
EndProject
Project("{FAE04EC0-301F-11D3-BF4B-00C04F79EFBC}") = "ContainRs.Vendas", "src\Contextos\ContainRs.Vendas\ContainRs.Vendas.csproj", "{657AB971-A20F-4B14-86E6-B182BDBE84A1}"
EndProject
Global
	GlobalSection(SolutionConfigurationPlatforms) = preSolution
		Debug|Any CPU = Debug|Any CPU
		Release|Any CPU = Release|Any CPU
	EndGlobalSection
	GlobalSection(ProjectConfigurationPlatforms) = postSolution
		{E52DC0D6-2088-47E7-888D-F6189F6FE2D2}.Debug|Any CPU.ActiveCfg = Debug|Any CPU
		{E52DC0D6-2088-47E7-888D-F6189F6FE2D2}.Debug|Any CPU.Build.0 = Debug|Any CPU
		{E52DC0D6-2088-47E7-888D-F6189F6FE2D2}.Release|Any CPU.ActiveCfg = Release|Any CPU
		{E52DC0D6-2088-47E7-888D-F6189F6FE2D2}.Release|Any CPU.Build.0 = Release|Any CPU
		{864A55A9-3E6D-8504-4595-903C968E45C0}.Debug|Any CPU.ActiveCfg = Debug|Any CPU
		{864A55A9-3E6D-8504-4595-903C968E45C0}.Debug|Any CPU.Build.0 = Debug|Any CPU
		{864A55A9-3E6D-8504-4595-903C968E45C0}.Release|Any CPU.ActiveCfg = Release|Any CPU
		{864A55A9-3E6D-8504-4595-903C968E45C0}.Release|Any CPU.Build.0 = Release|Any CPU
		{657AB971-A20F-4B14-86E6-B182BDBE84A1}.Debug|Any CPU.ActiveCfg = Debug|Any CPU
		{657AB971-A20F-4B14-86E6-B182BDBE84A1}.Debug|Any CPU.Build.0 = Debug|Any CPU
		{657AB971-A20F-4B14-86E6-B182BDBE84A1}.Release|Any CPU.ActiveCfg = Release|Any CPU
		{657AB971-A20F-4B14-86E6-B182BDBE84A1}.Release|Any CPU.Build.0 = Release|Any CPU
	EndGlobalSection
	GlobalSection(SolutionProperties) = preSolution
		HideSolutionNode = FALSE
	EndGlobalSection
	GlobalSection(NestedProjects) = preSolution
		{E52DC0D6-2088-47E7-888D-F6189F6FE2D2} = {5B449042-12EB-4D6B-A551-9089BE224E06}
		{02EA681E-C7D8-13C7-8484-4AC65E1B71E8} = {BB5080F2-2FC9-4936-ADFC-85CBC6E32928}
		{4A7C4EE9-FAED-49A0-A32E-3B5E28CA116D} = {BB5080F2-2FC9-4936-ADFC-85CBC6E32928}
		{864A55A9-3E6D-8504-4595-903C968E45C0} = {02EA681E-C7D8-13C7-8484-4AC65E1B71E8}
		{657AB971-A20F-4B14-86E6-B182BDBE84A1} = {4A7C4EE9-FAED-49A0-A32E-3B5E28CA116D}
	EndGlobalSection
	GlobalSection(ExtensibilityGlobals) = postSolution
		SolutionGuid = {DC479B39-0170-466F-A7C1-258D9F3761B2}
	EndGlobalSection
EndGlobal
